// !$*UTF8*$!
{
	archiveVersion = 1;
	classes = {
	};
	objectVersion = 56;
	objects = {

/* Begin PBXBuildFile section */
		8418D2C12A5F2F7C00069121 /* AppDelegate.swift in Sources */ = {isa = PBXBuildFile; fileRef = 8418D2C02A5F2F7C00069121 /* AppDelegate.swift */; };
		8418D2C52A5F2F7C00069121 /* LaunchListViewController.swift in Sources */ = {isa = PBXBuildFile; fileRef = 8418D2C42A5F2F7C00069121 /* LaunchListViewController.swift */; };
		8418D2CA2A5F2F7C00069121 /* Assets.xcassets in Resources */ = {isa = PBXBuildFile; fileRef = 8418D2C92A5F2F7C00069121 /* Assets.xcassets */; };
		8418D2CD2A5F2F7C00069121 /* LaunchScreen.storyboard in Resources */ = {isa = PBXBuildFile; fileRef = 8418D2CB2A5F2F7C00069121 /* LaunchScreen.storyboard */; };
		8418D2D82A5F2F7C00069121 /* SpaceX_ViperTests.swift in Sources */ = {isa = PBXBuildFile; fileRef = 8418D2D72A5F2F7C00069121 /* SpaceX_ViperTests.swift */; };
		8418D2E22A5F2F7D00069121 /* SpaceX_ViperUITests.swift in Sources */ = {isa = PBXBuildFile; fileRef = 8418D2E12A5F2F7D00069121 /* SpaceX_ViperUITests.swift */; };
		8418D2E42A5F2F7D00069121 /* SpaceX_ViperUITestsLaunchTests.swift in Sources */ = {isa = PBXBuildFile; fileRef = 8418D2E32A5F2F7D00069121 /* SpaceX_ViperUITestsLaunchTests.swift */; };
		8418D2F72A5F3B0E00069121 /* AppContainer.swift in Sources */ = {isa = PBXBuildFile; fileRef = 8418D2F62A5F3B0E00069121 /* AppContainer.swift */; };
		8418D2F92A5F3B2C00069121 /* AppRouter.swift in Sources */ = {isa = PBXBuildFile; fileRef = 8418D2F82A5F3B2C00069121 /* AppRouter.swift */; };
		8418D2FC2A5F3CF500069121 /* LaunchListBuilder.swift in Sources */ = {isa = PBXBuildFile; fileRef = 8418D2FB2A5F3CF500069121 /* LaunchListBuilder.swift */; };
		8418D2FE2A5F3D5B00069121 /* LaunchListRouter.swift in Sources */ = {isa = PBXBuildFile; fileRef = 8418D2FD2A5F3D5B00069121 /* LaunchListRouter.swift */; };
		8418D3002A5F3DCF00069121 /* LaunchListProtocols.swift in Sources */ = {isa = PBXBuildFile; fileRef = 8418D2FF2A5F3DCF00069121 /* LaunchListProtocols.swift */; };
		8418D3032A5F42E100069121 /* Launch.swift in Sources */ = {isa = PBXBuildFile; fileRef = 8418D3022A5F42E100069121 /* Launch.swift */; };
		8418D3072A5F497800069121 /* LaunchPresentation.swift in Sources */ = {isa = PBXBuildFile; fileRef = 8418D3062A5F497800069121 /* LaunchPresentation.swift */; };
		8418D30A2A5F515100069121 /* Kingfisher in Frameworks */ = {isa = PBXBuildFile; productRef = 8418D3092A5F515100069121 /* Kingfisher */; };
		8418D30F2A5F574000069121 /* NetworkService.swift in Sources */ = {isa = PBXBuildFile; fileRef = 8418D30E2A5F574000069121 /* NetworkService.swift */; };
		8418D3112A5F576400069121 /* LaunchService.swift in Sources */ = {isa = PBXBuildFile; fileRef = 8418D3102A5F576400069121 /* LaunchService.swift */; };
		8418D3132A5F57CB00069121 /* LaunchListInteractor.swift in Sources */ = {isa = PBXBuildFile; fileRef = 8418D3122A5F57CB00069121 /* LaunchListInteractor.swift */; };
		8418D3162A5F5D8E00069121 /* Optional+Extension.swift in Sources */ = {isa = PBXBuildFile; fileRef = 8418D3152A5F5D8E00069121 /* Optional+Extension.swift */; };
		8418D3192A5F61CD00069121 /* LaunchDetailBuilder.swift in Sources */ = {isa = PBXBuildFile; fileRef = 8418D3182A5F61CD00069121 /* LaunchDetailBuilder.swift */; };
		8418D31B2A5F626000069121 /* LaunchDetailViewController.swift in Sources */ = {isa = PBXBuildFile; fileRef = 8418D31A2A5F626000069121 /* LaunchDetailViewController.swift */; };
		8418D31D2A5F629B00069121 /* LaunchDetailProtocols.swift in Sources */ = {isa = PBXBuildFile; fileRef = 8418D31C2A5F629B00069121 /* LaunchDetailProtocols.swift */; };
		8418D31F2A5F632000069121 /* LaunchDetailPresenter.swift in Sources */ = {isa = PBXBuildFile; fileRef = 8418D31E2A5F632000069121 /* LaunchDetailPresenter.swift */; };
		8418D3262A5F69B900069121 /* LaunchListCell.swift in Sources */ = {isa = PBXBuildFile; fileRef = 8418D3252A5F69B900069121 /* LaunchListCell.swift */; };
		8418D3282A5F6E5700069121 /* LaunchListPresenter.swift in Sources */ = {isa = PBXBuildFile; fileRef = 8418D3272A5F6E5700069121 /* LaunchListPresenter.swift */; };
		8418D32B2A5F7E6800069121 /* DetailCollectionViewCell.swift in Sources */ = {isa = PBXBuildFile; fileRef = 8418D32A2A5F7E6800069121 /* DetailCollectionViewCell.swift */; };
/* End PBXBuildFile section */

/* Begin PBXContainerItemProxy section */
		8418D2D42A5F2F7C00069121 /* PBXContainerItemProxy */ = {
			isa = PBXContainerItemProxy;
			containerPortal = 8418D2B52A5F2F7C00069121 /* Project object */;
			proxyType = 1;
			remoteGlobalIDString = 8418D2BC2A5F2F7C00069121;
			remoteInfo = "SpaceX-Viper";
		};
		8418D2DE2A5F2F7D00069121 /* PBXContainerItemProxy */ = {
			isa = PBXContainerItemProxy;
			containerPortal = 8418D2B52A5F2F7C00069121 /* Project object */;
			proxyType = 1;
			remoteGlobalIDString = 8418D2BC2A5F2F7C00069121;
			remoteInfo = "SpaceX-Viper";
		};
/* End PBXContainerItemProxy section */

/* Begin PBXFileReference section */
		8418D2BD2A5F2F7C00069121 /* SpaceX-Viper.app */ = {isa = PBXFileReference; explicitFileType = wrapper.application; includeInIndex = 0; path = "SpaceX-Viper.app"; sourceTree = BUILT_PRODUCTS_DIR; };
		8418D2C02A5F2F7C00069121 /* AppDelegate.swift */ = {isa = PBXFileReference; lastKnownFileType = sourcecode.swift; path = AppDelegate.swift; sourceTree = "<group>"; };
		8418D2C42A5F2F7C00069121 /* LaunchListViewController.swift */ = {isa = PBXFileReference; lastKnownFileType = sourcecode.swift; path = LaunchListViewController.swift; sourceTree = "<group>"; };
		8418D2C92A5F2F7C00069121 /* Assets.xcassets */ = {isa = PBXFileReference; lastKnownFileType = folder.assetcatalog; path = Assets.xcassets; sourceTree = "<group>"; };
		8418D2CC2A5F2F7C00069121 /* Base */ = {isa = PBXFileReference; lastKnownFileType = file.storyboard; name = Base; path = Base.lproj/LaunchScreen.storyboard; sourceTree = "<group>"; };
		8418D2CE2A5F2F7C00069121 /* Info.plist */ = {isa = PBXFileReference; lastKnownFileType = text.plist.xml; path = Info.plist; sourceTree = "<group>"; };
		8418D2D32A5F2F7C00069121 /* SpaceX-ViperTests.xctest */ = {isa = PBXFileReference; explicitFileType = wrapper.cfbundle; includeInIndex = 0; path = "SpaceX-ViperTests.xctest"; sourceTree = BUILT_PRODUCTS_DIR; };
		8418D2D72A5F2F7C00069121 /* SpaceX_ViperTests.swift */ = {isa = PBXFileReference; lastKnownFileType = sourcecode.swift; path = SpaceX_ViperTests.swift; sourceTree = "<group>"; };
		8418D2DD2A5F2F7D00069121 /* SpaceX-ViperUITests.xctest */ = {isa = PBXFileReference; explicitFileType = wrapper.cfbundle; includeInIndex = 0; path = "SpaceX-ViperUITests.xctest"; sourceTree = BUILT_PRODUCTS_DIR; };
		8418D2E12A5F2F7D00069121 /* SpaceX_ViperUITests.swift */ = {isa = PBXFileReference; lastKnownFileType = sourcecode.swift; path = SpaceX_ViperUITests.swift; sourceTree = "<group>"; };
		8418D2E32A5F2F7D00069121 /* SpaceX_ViperUITestsLaunchTests.swift */ = {isa = PBXFileReference; lastKnownFileType = sourcecode.swift; path = SpaceX_ViperUITestsLaunchTests.swift; sourceTree = "<group>"; };
		8418D2F62A5F3B0E00069121 /* AppContainer.swift */ = {isa = PBXFileReference; lastKnownFileType = sourcecode.swift; path = AppContainer.swift; sourceTree = "<group>"; };
		8418D2F82A5F3B2C00069121 /* AppRouter.swift */ = {isa = PBXFileReference; lastKnownFileType = sourcecode.swift; path = AppRouter.swift; sourceTree = "<group>"; };
		8418D2FB2A5F3CF500069121 /* LaunchListBuilder.swift */ = {isa = PBXFileReference; lastKnownFileType = sourcecode.swift; path = LaunchListBuilder.swift; sourceTree = "<group>"; };
		8418D2FD2A5F3D5B00069121 /* LaunchListRouter.swift */ = {isa = PBXFileReference; lastKnownFileType = sourcecode.swift; path = LaunchListRouter.swift; sourceTree = "<group>"; };
		8418D2FF2A5F3DCF00069121 /* LaunchListProtocols.swift */ = {isa = PBXFileReference; lastKnownFileType = sourcecode.swift; path = LaunchListProtocols.swift; sourceTree = "<group>"; };
		8418D3022A5F42E100069121 /* Launch.swift */ = {isa = PBXFileReference; lastKnownFileType = sourcecode.swift; path = Launch.swift; sourceTree = "<group>"; };
		8418D3062A5F497800069121 /* LaunchPresentation.swift */ = {isa = PBXFileReference; lastKnownFileType = sourcecode.swift; path = LaunchPresentation.swift; sourceTree = "<group>"; };
		8418D30E2A5F574000069121 /* NetworkService.swift */ = {isa = PBXFileReference; lastKnownFileType = sourcecode.swift; path = NetworkService.swift; sourceTree = "<group>"; };
		8418D3102A5F576400069121 /* LaunchService.swift */ = {isa = PBXFileReference; lastKnownFileType = sourcecode.swift; path = LaunchService.swift; sourceTree = "<group>"; };
		8418D3122A5F57CB00069121 /* LaunchListInteractor.swift */ = {isa = PBXFileReference; lastKnownFileType = sourcecode.swift; path = LaunchListInteractor.swift; sourceTree = "<group>"; };
		8418D3152A5F5D8E00069121 /* Optional+Extension.swift */ = {isa = PBXFileReference; lastKnownFileType = sourcecode.swift; path = "Optional+Extension.swift"; sourceTree = "<group>"; };
		8418D3182A5F61CD00069121 /* LaunchDetailBuilder.swift */ = {isa = PBXFileReference; lastKnownFileType = sourcecode.swift; path = LaunchDetailBuilder.swift; sourceTree = "<group>"; };
		8418D31A2A5F626000069121 /* LaunchDetailViewController.swift */ = {isa = PBXFileReference; lastKnownFileType = sourcecode.swift; path = LaunchDetailViewController.swift; sourceTree = "<group>"; };
		8418D31C2A5F629B00069121 /* LaunchDetailProtocols.swift */ = {isa = PBXFileReference; lastKnownFileType = sourcecode.swift; path = LaunchDetailProtocols.swift; sourceTree = "<group>"; };
		8418D31E2A5F632000069121 /* LaunchDetailPresenter.swift */ = {isa = PBXFileReference; lastKnownFileType = sourcecode.swift; path = LaunchDetailPresenter.swift; sourceTree = "<group>"; };
		8418D3252A5F69B900069121 /* LaunchListCell.swift */ = {isa = PBXFileReference; lastKnownFileType = sourcecode.swift; path = LaunchListCell.swift; sourceTree = "<group>"; };
		8418D3272A5F6E5700069121 /* LaunchListPresenter.swift */ = {isa = PBXFileReference; lastKnownFileType = sourcecode.swift; path = LaunchListPresenter.swift; sourceTree = "<group>"; };
		8418D32A2A5F7E6800069121 /* DetailCollectionViewCell.swift */ = {isa = PBXFileReference; lastKnownFileType = sourcecode.swift; path = DetailCollectionViewCell.swift; sourceTree = "<group>"; };
/* End PBXFileReference section */

/* Begin PBXFrameworksBuildPhase section */
		8418D2BA2A5F2F7C00069121 /* Frameworks */ = {
			isa = PBXFrameworksBuildPhase;
			buildActionMask = 2147483647;
			files = (
				8418D30A2A5F515100069121 /* Kingfisher in Frameworks */,
			);
			runOnlyForDeploymentPostprocessing = 0;
		};
		8418D2D02A5F2F7C00069121 /* Frameworks */ = {
			isa = PBXFrameworksBuildPhase;
			buildActionMask = 2147483647;
			files = (
			);
			runOnlyForDeploymentPostprocessing = 0;
		};
		8418D2DA2A5F2F7D00069121 /* Frameworks */ = {
			isa = PBXFrameworksBuildPhase;
			buildActionMask = 2147483647;
			files = (
			);
			runOnlyForDeploymentPostprocessing = 0;
		};
/* End PBXFrameworksBuildPhase section */

/* Begin PBXGroup section */
		8418D2B42A5F2F7C00069121 = {
			isa = PBXGroup;
			children = (
				8418D2BF2A5F2F7C00069121 /* SpaceX-Viper */,
				8418D2D62A5F2F7C00069121 /* SpaceX-ViperTests */,
				8418D2E02A5F2F7D00069121 /* SpaceX-ViperUITests */,
				8418D2BE2A5F2F7C00069121 /* Products */,
			);
			sourceTree = "<group>";
		};
		8418D2BE2A5F2F7C00069121 /* Products */ = {
			isa = PBXGroup;
			children = (
				8418D2BD2A5F2F7C00069121 /* SpaceX-Viper.app */,
				8418D2D32A5F2F7C00069121 /* SpaceX-ViperTests.xctest */,
				8418D2DD2A5F2F7D00069121 /* SpaceX-ViperUITests.xctest */,
			);
			name = Products;
			sourceTree = "<group>";
		};
		8418D2BF2A5F2F7C00069121 /* SpaceX-Viper */ = {
			isa = PBXGroup;
			children = (
				8418D2CE2A5F2F7C00069121 /* Info.plist */,
				8418D2F42A5F3ABB00069121 /* Resources */,
				8418D2F02A5F39D700069121 /* App */,
				8418D2F12A5F39E600069121 /* DataProvider */,
				8418D2F32A5F3A0A00069121 /* Supporting Files */,
				8418D2F22A5F39FC00069121 /* Scenes */,
			);
			path = "SpaceX-Viper";
			sourceTree = "<group>";
		};
		8418D2D62A5F2F7C00069121 /* SpaceX-ViperTests */ = {
			isa = PBXGroup;
			children = (
				8418D2D72A5F2F7C00069121 /* SpaceX_ViperTests.swift */,
			);
			path = "SpaceX-ViperTests";
			sourceTree = "<group>";
		};
		8418D2E02A5F2F7D00069121 /* SpaceX-ViperUITests */ = {
			isa = PBXGroup;
			children = (
				8418D2E12A5F2F7D00069121 /* SpaceX_ViperUITests.swift */,
				8418D2E32A5F2F7D00069121 /* SpaceX_ViperUITestsLaunchTests.swift */,
			);
			path = "SpaceX-ViperUITests";
			sourceTree = "<group>";
		};
		8418D2F02A5F39D700069121 /* App */ = {
			isa = PBXGroup;
			children = (
				8418D2C02A5F2F7C00069121 /* AppDelegate.swift */,
				8418D2F62A5F3B0E00069121 /* AppContainer.swift */,
				8418D2F82A5F3B2C00069121 /* AppRouter.swift */,
			);
			path = App;
			sourceTree = "<group>";
		};
		8418D2F12A5F39E600069121 /* DataProvider */ = {
			isa = PBXGroup;
			children = (
				8418D30D2A5F573400069121 /* Service */,
				8418D3052A5F496600069121 /* Presentations */,
				8418D3012A5F42D100069121 /* DTOs */,
			);
			path = DataProvider;
			sourceTree = "<group>";
		};
		8418D2F22A5F39FC00069121 /* Scenes */ = {
			isa = PBXGroup;
			children = (
				8418D3172A5F61B800069121 /* LaunchDetail */,
				8418D2FA2A5F3BE600069121 /* LaunchList */,
			);
			path = Scenes;
			sourceTree = "<group>";
		};
		8418D2F32A5F3A0A00069121 /* Supporting Files */ = {
			isa = PBXGroup;
			children = (
				8418D3222A5F683300069121 /* Views */,
				8418D3142A5F5D7A00069121 /* Extensions */,
				8418D2CB2A5F2F7C00069121 /* LaunchScreen.storyboard */,
			);
			path = "Supporting Files";
			sourceTree = "<group>";
		};
		8418D2F42A5F3ABB00069121 /* Resources */ = {
			isa = PBXGroup;
			children = (
				8418D2C92A5F2F7C00069121 /* Assets.xcassets */,
			);
			path = Resources;
			sourceTree = "<group>";
		};
		8418D2FA2A5F3BE600069121 /* LaunchList */ = {
			isa = PBXGroup;
			children = (
				8418D2C42A5F2F7C00069121 /* LaunchListViewController.swift */,
				8418D2FB2A5F3CF500069121 /* LaunchListBuilder.swift */,
				8418D2FD2A5F3D5B00069121 /* LaunchListRouter.swift */,
				8418D2FF2A5F3DCF00069121 /* LaunchListProtocols.swift */,
				8418D3122A5F57CB00069121 /* LaunchListInteractor.swift */,
				8418D3272A5F6E5700069121 /* LaunchListPresenter.swift */,
			);
			path = LaunchList;
			sourceTree = "<group>";
		};
		8418D3012A5F42D100069121 /* DTOs */ = {
			isa = PBXGroup;
			children = (
				8418D3022A5F42E100069121 /* Launch.swift */,
			);
			path = DTOs;
			sourceTree = "<group>";
		};
		8418D3052A5F496600069121 /* Presentations */ = {
			isa = PBXGroup;
			children = (
				8418D3062A5F497800069121 /* LaunchPresentation.swift */,
			);
			path = Presentations;
			sourceTree = "<group>";
		};
		8418D30D2A5F573400069121 /* Service */ = {
			isa = PBXGroup;
			children = (
				8418D30E2A5F574000069121 /* NetworkService.swift */,
				8418D3102A5F576400069121 /* LaunchService.swift */,
			);
			path = Service;
			sourceTree = "<group>";
		};
		8418D3142A5F5D7A00069121 /* Extensions */ = {
			isa = PBXGroup;
			children = (
				8418D3152A5F5D8E00069121 /* Optional+Extension.swift */,
			);
			path = Extensions;
			sourceTree = "<group>";
		};
		8418D3172A5F61B800069121 /* LaunchDetail */ = {
			isa = PBXGroup;
			children = (
				8418D3182A5F61CD00069121 /* LaunchDetailBuilder.swift */,
				8418D31A2A5F626000069121 /* LaunchDetailViewController.swift */,
				8418D31C2A5F629B00069121 /* LaunchDetailProtocols.swift */,
				8418D31E2A5F632000069121 /* LaunchDetailPresenter.swift */,
			);
			path = LaunchDetail;
			sourceTree = "<group>";
		};
		8418D3222A5F683300069121 /* Views */ = {
			isa = PBXGroup;
			children = (
				8418D3292A5F7E5300069121 /* CollectionViewCells */,
				8418D3242A5F69A400069121 /* TableViewCells */,
			);
			path = Views;
			sourceTree = "<group>";
		};
		8418D3242A5F69A400069121 /* TableViewCells */ = {
			isa = PBXGroup;
			children = (
				8418D3252A5F69B900069121 /* LaunchListCell.swift */,
			);
			path = TableViewCells;
			sourceTree = "<group>";
		};
		8418D3292A5F7E5300069121 /* CollectionViewCells */ = {
			isa = PBXGroup;
			children = (
				8418D32A2A5F7E6800069121 /* DetailCollectionViewCell.swift */,
			);
			path = CollectionViewCells;
			sourceTree = "<group>";
		};
/* End PBXGroup section */

/* Begin PBXNativeTarget section */
		8418D2BC2A5F2F7C00069121 /* SpaceX-Viper */ = {
			isa = PBXNativeTarget;
			buildConfigurationList = 8418D2E72A5F2F7D00069121 /* Build configuration list for PBXNativeTarget "SpaceX-Viper" */;
			buildPhases = (
				8418D2B92A5F2F7C00069121 /* Sources */,
				8418D2BA2A5F2F7C00069121 /* Frameworks */,
				8418D2BB2A5F2F7C00069121 /* Resources */,
			);
			buildRules = (
			);
			dependencies = (
			);
			name = "SpaceX-Viper";
			packageProductDependencies = (
				8418D3092A5F515100069121 /* Kingfisher */,
			);
			productName = "SpaceX-Viper";
			productReference = 8418D2BD2A5F2F7C00069121 /* SpaceX-Viper.app */;
			productType = "com.apple.product-type.application";
		};
		8418D2D22A5F2F7C00069121 /* SpaceX-ViperTests */ = {
			isa = PBXNativeTarget;
			buildConfigurationList = 8418D2EA2A5F2F7D00069121 /* Build configuration list for PBXNativeTarget "SpaceX-ViperTests" */;
			buildPhases = (
				8418D2CF2A5F2F7C00069121 /* Sources */,
				8418D2D02A5F2F7C00069121 /* Frameworks */,
				8418D2D12A5F2F7C00069121 /* Resources */,
			);
			buildRules = (
			);
			dependencies = (
				8418D2D52A5F2F7C00069121 /* PBXTargetDependency */,
			);
			name = "SpaceX-ViperTests";
			productName = "SpaceX-ViperTests";
			productReference = 8418D2D32A5F2F7C00069121 /* SpaceX-ViperTests.xctest */;
			productType = "com.apple.product-type.bundle.unit-test";
		};
		8418D2DC2A5F2F7D00069121 /* SpaceX-ViperUITests */ = {
			isa = PBXNativeTarget;
			buildConfigurationList = 8418D2ED2A5F2F7D00069121 /* Build configuration list for PBXNativeTarget "SpaceX-ViperUITests" */;
			buildPhases = (
				8418D2D92A5F2F7D00069121 /* Sources */,
				8418D2DA2A5F2F7D00069121 /* Frameworks */,
				8418D2DB2A5F2F7D00069121 /* Resources */,
			);
			buildRules = (
			);
			dependencies = (
				8418D2DF2A5F2F7D00069121 /* PBXTargetDependency */,
			);
			name = "SpaceX-ViperUITests";
			productName = "SpaceX-ViperUITests";
			productReference = 8418D2DD2A5F2F7D00069121 /* SpaceX-ViperUITests.xctest */;
			productType = "com.apple.product-type.bundle.ui-testing";
		};
/* End PBXNativeTarget section */

/* Begin PBXProject section */
		8418D2B52A5F2F7C00069121 /* Project object */ = {
			isa = PBXProject;
			attributes = {
				BuildIndependentTargetsInParallel = 1;
				LastSwiftUpdateCheck = 1420;
				LastUpgradeCheck = 1420;
				TargetAttributes = {
					8418D2BC2A5F2F7C00069121 = {
						CreatedOnToolsVersion = 14.2;
					};
					8418D2D22A5F2F7C00069121 = {
						CreatedOnToolsVersion = 14.2;
						TestTargetID = 8418D2BC2A5F2F7C00069121;
					};
					8418D2DC2A5F2F7D00069121 = {
						CreatedOnToolsVersion = 14.2;
						TestTargetID = 8418D2BC2A5F2F7C00069121;
					};
				};
			};
			buildConfigurationList = 8418D2B82A5F2F7C00069121 /* Build configuration list for PBXProject "SpaceX-Viper" */;
			compatibilityVersion = "Xcode 14.0";
			developmentRegion = en;
			hasScannedForEncodings = 0;
			knownRegions = (
				en,
				Base,
			);
			mainGroup = 8418D2B42A5F2F7C00069121;
			packageReferences = (
				8418D3082A5F515100069121 /* XCRemoteSwiftPackageReference "Kingfisher" */,
			);
			productRefGroup = 8418D2BE2A5F2F7C00069121 /* Products */;
			projectDirPath = "";
			projectRoot = "";
			targets = (
				8418D2BC2A5F2F7C00069121 /* SpaceX-Viper */,
				8418D2D22A5F2F7C00069121 /* SpaceX-ViperTests */,
				8418D2DC2A5F2F7D00069121 /* SpaceX-ViperUITests */,
			);
		};
/* End PBXProject section */

/* Begin PBXResourcesBuildPhase section */
		8418D2BB2A5F2F7C00069121 /* Resources */ = {
			isa = PBXResourcesBuildPhase;
			buildActionMask = 2147483647;
			files = (
				8418D2CD2A5F2F7C00069121 /* LaunchScreen.storyboard in Resources */,
				8418D2CA2A5F2F7C00069121 /* Assets.xcassets in Resources */,
			);
			runOnlyForDeploymentPostprocessing = 0;
		};
		8418D2D12A5F2F7C00069121 /* Resources */ = {
			isa = PBXResourcesBuildPhase;
			buildActionMask = 2147483647;
			files = (
			);
			runOnlyForDeploymentPostprocessing = 0;
		};
		8418D2DB2A5F2F7D00069121 /* Resources */ = {
			isa = PBXResourcesBuildPhase;
			buildActionMask = 2147483647;
			files = (
			);
			runOnlyForDeploymentPostprocessing = 0;
		};
/* End PBXResourcesBuildPhase section */

/* Begin PBXSourcesBuildPhase section */
		8418D2B92A5F2F7C00069121 /* Sources */ = {
			isa = PBXSourcesBuildPhase;
			buildActionMask = 2147483647;
			files = (
				8418D30F2A5F574000069121 /* NetworkService.swift in Sources */,
				8418D2F92A5F3B2C00069121 /* AppRouter.swift in Sources */,
				8418D2C52A5F2F7C00069121 /* LaunchListViewController.swift in Sources */,
				8418D32B2A5F7E6800069121 /* DetailCollectionViewCell.swift in Sources */,
				8418D3132A5F57CB00069121 /* LaunchListInteractor.swift in Sources */,
				8418D3032A5F42E100069121 /* Launch.swift in Sources */,
				8418D3072A5F497800069121 /* LaunchPresentation.swift in Sources */,
				8418D2C12A5F2F7C00069121 /* AppDelegate.swift in Sources */,
				8418D31B2A5F626000069121 /* LaunchDetailViewController.swift in Sources */,
				8418D2F72A5F3B0E00069121 /* AppContainer.swift in Sources */,
				8418D31D2A5F629B00069121 /* LaunchDetailProtocols.swift in Sources */,
				8418D3002A5F3DCF00069121 /* LaunchListProtocols.swift in Sources */,
				8418D3192A5F61CD00069121 /* LaunchDetailBuilder.swift in Sources */,
				8418D3282A5F6E5700069121 /* LaunchListPresenter.swift in Sources */,
				8418D3112A5F576400069121 /* LaunchService.swift in Sources */,
				8418D31F2A5F632000069121 /* LaunchDetailPresenter.swift in Sources */,
				8418D3262A5F69B900069121 /* LaunchListCell.swift in Sources */,
				8418D2FC2A5F3CF500069121 /* LaunchListBuilder.swift in Sources */,
				8418D2FE2A5F3D5B00069121 /* LaunchListRouter.swift in Sources */,
				8418D3162A5F5D8E00069121 /* Optional+Extension.swift in Sources */,
			);
			runOnlyForDeploymentPostprocessing = 0;
		};
		8418D2CF2A5F2F7C00069121 /* Sources */ = {
			isa = PBXSourcesBuildPhase;
			buildActionMask = 2147483647;
			files = (
				8418D2D82A5F2F7C00069121 /* SpaceX_ViperTests.swift in Sources */,
			);
			runOnlyForDeploymentPostprocessing = 0;
		};
		8418D2D92A5F2F7D00069121 /* Sources */ = {
			isa = PBXSourcesBuildPhase;
			buildActionMask = 2147483647;
			files = (
				8418D2E22A5F2F7D00069121 /* SpaceX_ViperUITests.swift in Sources */,
				8418D2E42A5F2F7D00069121 /* SpaceX_ViperUITestsLaunchTests.swift in Sources */,
			);
			runOnlyForDeploymentPostprocessing = 0;
		};
/* End PBXSourcesBuildPhase section */

/* Begin PBXTargetDependency section */
		8418D2D52A5F2F7C00069121 /* PBXTargetDependency */ = {
			isa = PBXTargetDependency;
			target = 8418D2BC2A5F2F7C00069121 /* SpaceX-Viper */;
			targetProxy = 8418D2D42A5F2F7C00069121 /* PBXContainerItemProxy */;
		};
		8418D2DF2A5F2F7D00069121 /* PBXTargetDependency */ = {
			isa = PBXTargetDependency;
			target = 8418D2BC2A5F2F7C00069121 /* SpaceX-Viper */;
			targetProxy = 8418D2DE2A5F2F7D00069121 /* PBXContainerItemProxy */;
		};
/* End PBXTargetDependency section */

/* Begin PBXVariantGroup section */
		8418D2CB2A5F2F7C00069121 /* LaunchScreen.storyboard */ = {
			isa = PBXVariantGroup;
			children = (
				8418D2CC2A5F2F7C00069121 /* Base */,
			);
			name = LaunchScreen.storyboard;
			sourceTree = "<group>";
		};
/* End PBXVariantGroup section */

/* Begin XCBuildConfiguration section */
		8418D2E52A5F2F7D00069121 /* Debug */ = {
			isa = XCBuildConfiguration;
			buildSettings = {
				ALWAYS_SEARCH_USER_PATHS = NO;
				CLANG_ANALYZER_NONNULL = YES;
				CLANG_ANALYZER_NUMBER_OBJECT_CONVERSION = YES_AGGRESSIVE;
				CLANG_CXX_LANGUAGE_STANDARD = "gnu++20";
				CLANG_ENABLE_MODULES = YES;
				CLANG_ENABLE_OBJC_ARC = YES;
				CLANG_ENABLE_OBJC_WEAK = YES;
				CLANG_WARN_BLOCK_CAPTURE_AUTORELEASING = YES;
				CLANG_WARN_BOOL_CONVERSION = YES;
				CLANG_WARN_COMMA = YES;
				CLANG_WARN_CONSTANT_CONVERSION = YES;
				CLANG_WARN_DEPRECATED_OBJC_IMPLEMENTATIONS = YES;
				CLANG_WARN_DIRECT_OBJC_ISA_USAGE = YES_ERROR;
				CLANG_WARN_DOCUMENTATION_COMMENTS = YES;
				CLANG_WARN_EMPTY_BODY = YES;
				CLANG_WARN_ENUM_CONVERSION = YES;
				CLANG_WARN_INFINITE_RECURSION = YES;
				CLANG_WARN_INT_CONVERSION = YES;
				CLANG_WARN_NON_LITERAL_NULL_CONVERSION = YES;
				CLANG_WARN_OBJC_IMPLICIT_RETAIN_SELF = YES;
				CLANG_WARN_OBJC_LITERAL_CONVERSION = YES;
				CLANG_WARN_OBJC_ROOT_CLASS = YES_ERROR;
				CLANG_WARN_QUOTED_INCLUDE_IN_FRAMEWORK_HEADER = YES;
				CLANG_WARN_RANGE_LOOP_ANALYSIS = YES;
				CLANG_WARN_STRICT_PROTOTYPES = YES;
				CLANG_WARN_SUSPICIOUS_MOVE = YES;
				CLANG_WARN_UNGUARDED_AVAILABILITY = YES_AGGRESSIVE;
				CLANG_WARN_UNREACHABLE_CODE = YES;
				CLANG_WARN__DUPLICATE_METHOD_MATCH = YES;
				COPY_PHASE_STRIP = NO;
				DEBUG_INFORMATION_FORMAT = dwarf;
				ENABLE_STRICT_OBJC_MSGSEND = YES;
				ENABLE_TESTABILITY = YES;
				GCC_C_LANGUAGE_STANDARD = gnu11;
				GCC_DYNAMIC_NO_PIC = NO;
				GCC_NO_COMMON_BLOCKS = YES;
				GCC_OPTIMIZATION_LEVEL = 0;
				GCC_PREPROCESSOR_DEFINITIONS = (
					"DEBUG=1",
					"$(inherited)",
				);
				GCC_WARN_64_TO_32_BIT_CONVERSION = YES;
				GCC_WARN_ABOUT_RETURN_TYPE = YES_ERROR;
				GCC_WARN_UNDECLARED_SELECTOR = YES;
				GCC_WARN_UNINITIALIZED_AUTOS = YES_AGGRESSIVE;
				GCC_WARN_UNUSED_FUNCTION = YES;
				GCC_WARN_UNUSED_VARIABLE = YES;
				IPHONEOS_DEPLOYMENT_TARGET = 16.2;
				MTL_ENABLE_DEBUG_INFO = INCLUDE_SOURCE;
				MTL_FAST_MATH = YES;
				ONLY_ACTIVE_ARCH = YES;
				SDKROOT = iphoneos;
				SWIFT_ACTIVE_COMPILATION_CONDITIONS = DEBUG;
				SWIFT_OPTIMIZATION_LEVEL = "-Onone";
			};
			name = Debug;
		};
		8418D2E62A5F2F7D00069121 /* Release */ = {
			isa = XCBuildConfiguration;
			buildSettings = {
				ALWAYS_SEARCH_USER_PATHS = NO;
				CLANG_ANALYZER_NONNULL = YES;
				CLANG_ANALYZER_NUMBER_OBJECT_CONVERSION = YES_AGGRESSIVE;
				CLANG_CXX_LANGUAGE_STANDARD = "gnu++20";
				CLANG_ENABLE_MODULES = YES;
				CLANG_ENABLE_OBJC_ARC = YES;
				CLANG_ENABLE_OBJC_WEAK = YES;
				CLANG_WARN_BLOCK_CAPTURE_AUTORELEASING = YES;
				CLANG_WARN_BOOL_CONVERSION = YES;
				CLANG_WARN_COMMA = YES;
				CLANG_WARN_CONSTANT_CONVERSION = YES;
				CLANG_WARN_DEPRECATED_OBJC_IMPLEMENTATIONS = YES;
				CLANG_WARN_DIRECT_OBJC_ISA_USAGE = YES_ERROR;
				CLANG_WARN_DOCUMENTATION_COMMENTS = YES;
				CLANG_WARN_EMPTY_BODY = YES;
				CLANG_WARN_ENUM_CONVERSION = YES;
				CLANG_WARN_INFINITE_RECURSION = YES;
				CLANG_WARN_INT_CONVERSION = YES;
				CLANG_WARN_NON_LITERAL_NULL_CONVERSION = YES;
				CLANG_WARN_OBJC_IMPLICIT_RETAIN_SELF = YES;
				CLANG_WARN_OBJC_LITERAL_CONVERSION = YES;
				CLANG_WARN_OBJC_ROOT_CLASS = YES_ERROR;
				CLANG_WARN_QUOTED_INCLUDE_IN_FRAMEWORK_HEADER = YES;
				CLANG_WARN_RANGE_LOOP_ANALYSIS = YES;
				CLANG_WARN_STRICT_PROTOTYPES = YES;
				CLANG_WARN_SUSPICIOUS_MOVE = YES;
				CLANG_WARN_UNGUARDED_AVAILABILITY = YES_AGGRESSIVE;
				CLANG_WARN_UNREACHABLE_CODE = YES;
				CLANG_WARN__DUPLICATE_METHOD_MATCH = YES;
				COPY_PHASE_STRIP = NO;
				DEBUG_INFORMATION_FORMAT = "dwarf-with-dsym";
				ENABLE_NS_ASSERTIONS = NO;
				ENABLE_STRICT_OBJC_MSGSEND = YES;
				GCC_C_LANGUAGE_STANDARD = gnu11;
				GCC_NO_COMMON_BLOCKS = YES;
				GCC_WARN_64_TO_32_BIT_CONVERSION = YES;
				GCC_WARN_ABOUT_RETURN_TYPE = YES_ERROR;
				GCC_WARN_UNDECLARED_SELECTOR = YES;
				GCC_WARN_UNINITIALIZED_AUTOS = YES_AGGRESSIVE;
				GCC_WARN_UNUSED_FUNCTION = YES;
				GCC_WARN_UNUSED_VARIABLE = YES;
				IPHONEOS_DEPLOYMENT_TARGET = 16.2;
				MTL_ENABLE_DEBUG_INFO = NO;
				MTL_FAST_MATH = YES;
				SDKROOT = iphoneos;
				SWIFT_COMPILATION_MODE = wholemodule;
				SWIFT_OPTIMIZATION_LEVEL = "-O";
				VALIDATE_PRODUCT = YES;
			};
			name = Release;
		};
		8418D2E82A5F2F7D00069121 /* Debug */ = {
			isa = XCBuildConfiguration;
			buildSettings = {
				ASSETCATALOG_COMPILER_APPICON_NAME = AppIcon;
				ASSETCATALOG_COMPILER_GLOBAL_ACCENT_COLOR_NAME = AccentColor;
				CODE_SIGN_STYLE = Automatic;
				CURRENT_PROJECT_VERSION = 1;
				DEVELOPMENT_TEAM = R2B98N6BH8;
				GENERATE_INFOPLIST_FILE = YES;
				INFOPLIST_FILE = "SpaceX-Viper/Info.plist";
				INFOPLIST_KEY_UIApplicationSupportsIndirectInputEvents = YES;
				INFOPLIST_KEY_UILaunchStoryboardName = LaunchScreen;
				INFOPLIST_KEY_UISupportedInterfaceOrientations_iPad = "UIInterfaceOrientationPortrait UIInterfaceOrientationPortraitUpsideDown UIInterfaceOrientationLandscapeLeft UIInterfaceOrientationLandscapeRight";
				INFOPLIST_KEY_UISupportedInterfaceOrientations_iPhone = "UIInterfaceOrientationPortrait UIInterfaceOrientationLandscapeLeft UIInterfaceOrientationLandscapeRight";
				LD_RUNPATH_SEARCH_PATHS = (
					"$(inherited)",
					"@executable_path/Frameworks",
				);
				MARKETING_VERSION = 1.0;
				PRODUCT_BUNDLE_IDENTIFIER = "com.oguzhankabul.SpaceX-Viper";
				PRODUCT_NAME = "$(TARGET_NAME)";
				SWIFT_EMIT_LOC_STRINGS = YES;
				SWIFT_VERSION = 5.0;
				TARGETED_DEVICE_FAMILY = "1,2";
			};
			name = Debug;
		};
		8418D2E92A5F2F7D00069121 /* Release */ = {
			isa = XCBuildConfiguration;
			buildSettings = {
				ASSETCATALOG_COMPILER_APPICON_NAME = AppIcon;
				ASSETCATALOG_COMPILER_GLOBAL_ACCENT_COLOR_NAME = AccentColor;
				CODE_SIGN_STYLE = Automatic;
				CURRENT_PROJECT_VERSION = 1;
				DEVELOPMENT_TEAM = R2B98N6BH8;
				GENERATE_INFOPLIST_FILE = YES;
				INFOPLIST_FILE = "SpaceX-Viper/Info.plist";
				INFOPLIST_KEY_UIApplicationSupportsIndirectInputEvents = YES;
				INFOPLIST_KEY_UILaunchStoryboardName = LaunchScreen;
				INFOPLIST_KEY_UISupportedInterfaceOrientations_iPad = "UIInterfaceOrientationPortrait UIInterfaceOrientationPortraitUpsideDown UIInterfaceOrientationLandscapeLeft UIInterfaceOrientationLandscapeRight";
				INFOPLIST_KEY_UISupportedInterfaceOrientations_iPhone = "UIInterfaceOrientationPortrait UIInterfaceOrientationLandscapeLeft UIInterfaceOrientationLandscapeRight";
				LD_RUNPATH_SEARCH_PATHS = (
					"$(inherited)",
					"@executable_path/Frameworks",
				);
				MARKETING_VERSION = 1.0;
				PRODUCT_BUNDLE_IDENTIFIER = "com.oguzhankabul.SpaceX-Viper";
				PRODUCT_NAME = "$(TARGET_NAME)";
				SWIFT_EMIT_LOC_STRINGS = YES;
				SWIFT_VERSION = 5.0;
				TARGETED_DEVICE_FAMILY = "1,2";
			};
			name = Release;
		};
		8418D2EB2A5F2F7D00069121 /* Debug */ = {
			isa = XCBuildConfiguration;
			buildSettings = {
				ALWAYS_EMBED_SWIFT_STANDARD_LIBRARIES = YES;
				BUNDLE_LOADER = "$(TEST_HOST)";
				CODE_SIGN_STYLE = Automatic;
				CURRENT_PROJECT_VERSION = 1;
				DEVELOPMENT_TEAM = R2B98N6BH8;
				GENERATE_INFOPLIST_FILE = YES;
				IPHONEOS_DEPLOYMENT_TARGET = 16.2;
				MARKETING_VERSION = 1.0;
				PRODUCT_BUNDLE_IDENTIFIER = "com.oguzhankabul.SpaceX-ViperTests";
				PRODUCT_NAME = "$(TARGET_NAME)";
				SWIFT_EMIT_LOC_STRINGS = NO;
				SWIFT_VERSION = 5.0;
				TARGETED_DEVICE_FAMILY = "1,2";
				TEST_HOST = "$(BUILT_PRODUCTS_DIR)/SpaceX-Viper.app/$(BUNDLE_EXECUTABLE_FOLDER_PATH)/SpaceX-Viper";
			};
			name = Debug;
		};
		8418D2EC2A5F2F7D00069121 /* Release */ = {
			isa = XCBuildConfiguration;
			buildSettings = {
				ALWAYS_EMBED_SWIFT_STANDARD_LIBRARIES = YES;
				BUNDLE_LOADER = "$(TEST_HOST)";
				CODE_SIGN_STYLE = Automatic;
				CURRENT_PROJECT_VERSION = 1;
				DEVELOPMENT_TEAM = R2B98N6BH8;
				GENERATE_INFOPLIST_FILE = YES;
				IPHONEOS_DEPLOYMENT_TARGET = 16.2;
				MARKETING_VERSION = 1.0;
				PRODUCT_BUNDLE_IDENTIFIER = "com.oguzhankabul.SpaceX-ViperTests";
				PRODUCT_NAME = "$(TARGET_NAME)";
				SWIFT_EMIT_LOC_STRINGS = NO;
				SWIFT_VERSION = 5.0;
				TARGETED_DEVICE_FAMILY = "1,2";
				TEST_HOST = "$(BUILT_PRODUCTS_DIR)/SpaceX-Viper.app/$(BUNDLE_EXECUTABLE_FOLDER_PATH)/SpaceX-Viper";
			};
			name = Release;
		};
		8418D2EE2A5F2F7D00069121 /* Debug */ = {
			isa = XCBuildConfiguration;
			buildSettings = {
				ALWAYS_EMBED_SWIFT_STANDARD_LIBRARIES = YES;
				CODE_SIGN_STYLE = Automatic;
				CURRENT_PROJECT_VERSION = 1;
				DEVELOPMENT_TEAM = R2B98N6BH8;
				GENERATE_INFOPLIST_FILE = YES;
				MARKETING_VERSION = 1.0;
				PRODUCT_BUNDLE_IDENTIFIER = "com.oguzhankabul.SpaceX-ViperUITests";
				PRODUCT_NAME = "$(TARGET_NAME)";
				SWIFT_EMIT_LOC_STRINGS = NO;
				SWIFT_VERSION = 5.0;
				TARGETED_DEVICE_FAMILY = "1,2";
				TEST_TARGET_NAME = "SpaceX-Viper";
			};
			name = Debug;
		};
		8418D2EF2A5F2F7D00069121 /* Release */ = {
			isa = XCBuildConfiguration;
			buildSettings = {
				ALWAYS_EMBED_SWIFT_STANDARD_LIBRARIES = YES;
				CODE_SIGN_STYLE = Automatic;
				CURRENT_PROJECT_VERSION = 1;
				DEVELOPMENT_TEAM = R2B98N6BH8;
				GENERATE_INFOPLIST_FILE = YES;
				MARKETING_VERSION = 1.0;
				PRODUCT_BUNDLE_IDENTIFIER = "com.oguzhankabul.SpaceX-ViperUITests";
				PRODUCT_NAME = "$(TARGET_NAME)";
				SWIFT_EMIT_LOC_STRINGS = NO;
				SWIFT_VERSION = 5.0;
				TARGETED_DEVICE_FAMILY = "1,2";
				TEST_TARGET_NAME = "SpaceX-Viper";
			};
			name = Release;
		};
/* End XCBuildConfiguration section */

/* Begin XCConfigurationList section */
		8418D2B82A5F2F7C00069121 /* Build configuration list for PBXProject "SpaceX-Viper" */ = {
			isa = XCConfigurationList;
			buildConfigurations = (
				8418D2E52A5F2F7D00069121 /* Debug */,
				8418D2E62A5F2F7D00069121 /* Release */,
			);
			defaultConfigurationIsVisible = 0;
			defaultConfigurationName = Release;
		};
		8418D2E72A5F2F7D00069121 /* Build configuration list for PBXNativeTarget "SpaceX-Viper" */ = {
			isa = XCConfigurationList;
			buildConfigurations = (
				8418D2E82A5F2F7D00069121 /* Debug */,
				8418D2E92A5F2F7D00069121 /* Release */,
			);
			defaultConfigurationIsVisible = 0;
			defaultConfigurationName = Release;
		};
		8418D2EA2A5F2F7D00069121 /* Build configuration list for PBXNativeTarget "SpaceX-ViperTests" */ = {
			isa = XCConfigurationList;
			buildConfigurations = (
				8418D2EB2A5F2F7D00069121 /* Debug */,
				8418D2EC2A5F2F7D00069121 /* Release */,
			);
			defaultConfigurationIsVisible = 0;
			defaultConfigurationName = Release;
		};
		8418D2ED2A5F2F7D00069121 /* Build configuration list for PBXNativeTarget "SpaceX-ViperUITests" */ = {
			isa = XCConfigurationList;
			buildConfigurations = (
				8418D2EE2A5F2F7D00069121 /* Debug */,
				8418D2EF2A5F2F7D00069121 /* Release */,
			);
			defaultConfigurationIsVisible = 0;
			defaultConfigurationName = Release;
		};
/* End XCConfigurationList section */

/* Begin XCRemoteSwiftPackageReference section */
		8418D3082A5F515100069121 /* XCRemoteSwiftPackageReference "Kingfisher" */ = {
			isa = XCRemoteSwiftPackageReference;
			repositoryURL = "https://github.com/onevcat/Kingfisher.git";
			requirement = {
				kind = upToNextMajorVersion;
				minimumVersion = 7.0.0;
			};
		};
/* End XCRemoteSwiftPackageReference section */

/* Begin XCSwiftPackageProductDependency section */
		8418D3092A5F515100069121 /* Kingfisher */ = {
			isa = XCSwiftPackageProductDependency;
			package = 8418D3082A5F515100069121 /* XCRemoteSwiftPackageReference "Kingfisher" */;
			productName = Kingfisher;
		};
/* End XCSwiftPackageProductDependency section */
	};
	rootObject = 8418D2B52A5F2F7C00069121 /* Project object */;
}
